
Microsoft Visual Studio Solution File, Format Version 12.00
# Visual Studio Version 17
VisualStudioVersion = 17.7.34018.315
MinimumVisualStudioVersion = 10.0.40219.1
Project("{2150E333-8FDC-42A3-9474-1A3956D46DE8}") = "Tests", "Tests", "{42C4E78A-F477-4DBE-B8BA-6EDD075429EB}"
EndProject
Project("{9A19103F-16F7-4668-BE54-9A1E7A4F7556}") = "Testing", "Testing\Testing.csproj", "{D378D0F9-D125-4792-B285-BDB2758603D1}"
EndProject
Project("{9A19103F-16F7-4668-BE54-9A1E7A4F7556}") = "Pattern_Generative_AbstractFactory", "Pattern_AbstractFactory\Pattern_Generative_AbstractFactory.csproj", "{5232302C-21A2-4682-8A9A-BA3CFEF674F4}"
EndProject
Project("{9A19103F-16F7-4668-BE54-9A1E7A4F7556}") = "Pattern_Generative_Builder", "Pattern_Builder\Pattern_Generative_Builder.csproj", "{425E231A-E392-411E-B25E-A64AF23AF16C}"
EndProject
Project("{9A19103F-16F7-4668-BE54-9A1E7A4F7556}") = "Pattern_Generative_FactoryMethod", "Pattern_FactoryMethod\Pattern_Generative_FactoryMethod.csproj", "{4FF515CB-CA28-43EB-9EDA-87FD6C447510}"
EndProject
Project("{9A19103F-16F7-4668-BE54-9A1E7A4F7556}") = "Pattern_Generative_Prototype", "Pattern_Prototype\Pattern_Generative_Prototype.csproj", "{A4F6E178-E059-413C-A993-8D3CEDCA6F44}"
EndProject
Project("{9A19103F-16F7-4668-BE54-9A1E7A4F7556}") = "Pattern_Generative_Singleton", "Pattern_Singleton\Pattern_Generative_Singleton.csproj", "{C744474B-5FCE-48A5-AAD1-EE8FB0C08CD5}"
EndProject
Project("{9A19103F-16F7-4668-BE54-9A1E7A4F7556}") = "Pattern_Structural_Adapter", "Pattern_Structural_Adapter\Pattern_Structural_Adapter.csproj", "{637B6C18-1ABD-42FE-9702-BAAD179AD465}"
EndProject
Project("{9A19103F-16F7-4668-BE54-9A1E7A4F7556}") = "Pattern_Structural_Bridge", "Pattern_Structural_Bridge\Pattern_Structural_Bridge.csproj", "{2365D0EA-1CA7-4C5B-8A5D-0BEEAB2E7819}"
EndProject
Project("{9A19103F-16F7-4668-BE54-9A1E7A4F7556}") = "Pattern_Structural_Composite", "Pattern_Structural_Composite\Pattern_Structural_Composite.csproj", "{27627A43-4103-4DFC-B9D1-254313E2EBAD}"
EndProject
Project("{9A19103F-16F7-4668-BE54-9A1E7A4F7556}") = "Pattern_Structural_Decorator", "Pattern_Structural_Decorator\Pattern_Structural_Decorator.csproj", "{B8B78A87-1DBA-48A4-9D7A-E45FB8614B7A}"
EndProject
Project("{9A19103F-16F7-4668-BE54-9A1E7A4F7556}") = "Pattern_Structural_Facade", "Pattern_Structural_Facade\Pattern_Structural_Facade.csproj", "{08C9CEE4-317A-4F6F-A340-DF3422D10B14}"
EndProject
Project("{9A19103F-16F7-4668-BE54-9A1E7A4F7556}") = "Pattern_Structural_Flyweight", "Pattern_Structural_Flyweight\Pattern_Structural_Flyweight.csproj", "{AE559EFB-1B6A-470A-B58C-8CF95A189431}"
EndProject
Project("{9A19103F-16F7-4668-BE54-9A1E7A4F7556}") = "Testing2", "Testing2\Testing2.csproj", "{6FCE92FE-7E68-41F9-A9A1-E614E63F941A}"
EndProject
Project("{9A19103F-16F7-4668-BE54-9A1E7A4F7556}") = "Pattern_Structural_Proxy", "Pattern_Structural_Proxy\Pattern_Structural_Proxy.csproj", "{F73AE7A1-F266-49AE-8AF4-AB18117968FB}"
EndProject
Project("{9A19103F-16F7-4668-BE54-9A1E7A4F7556}") = "Pattern_Behavior_ChainOfResponsibility", "Pattern_Behavior_ChainOfResponsibility\Pattern_Behavior_ChainOfResponsibility.csproj", "{42D03A30-D581-48C4-BBF2-2CDD617B4A92}"
EndProject
Project("{9A19103F-16F7-4668-BE54-9A1E7A4F7556}") = "Pattern_Behavior_Command", "Pattern_Behavior_Command\Pattern_Behavior_Command.csproj", "{8F218757-E4F0-431D-A009-E5CEFD569E12}"
EndProject
Project("{9A19103F-16F7-4668-BE54-9A1E7A4F7556}") = "Pattern_Behavior_Interpreter", "Pattern_Behavior_Interpreter\Pattern_Behavior_Interpreter.csproj", "{9D092273-A91B-44B8-8C28-E154E182556B}"
EndProject
Project("{9A19103F-16F7-4668-BE54-9A1E7A4F7556}") = "Pattern_Behavior_Mediator", "Pattern_Behavior_Mediator\Pattern_Behavior_Mediator.csproj", "{DC5FA518-9578-4130-8611-160AEEAA9599}"
EndProject
Project("{9A19103F-16F7-4668-BE54-9A1E7A4F7556}") = "Pattern_Behavior_Memento", "Pattern_Behavior_Memento\Pattern_Behavior_Memento.csproj", "{94B6D6E8-F178-4B88-A2E1-F84077DC9530}"
EndProject
Project("{9A19103F-16F7-4668-BE54-9A1E7A4F7556}") = "Pattern_Behavior_Observer", "Pattern_Behavior_Observer\Pattern_Behavior_Observer.csproj", "{83C95376-2A94-4EDE-9754-1FA62E20205E}"
EndProject
Project("{9A19103F-16F7-4668-BE54-9A1E7A4F7556}") = "Pattern_Behavior_State", "Pattern_Behavior_State\Pattern_Behavior_State.csproj", "{F53096BD-5687-4ABE-83DE-936B27A8335E}"
EndProject
Project("{9A19103F-16F7-4668-BE54-9A1E7A4F7556}") = "Pattern_Behavior_Strategy", "Pattern_Behavior_Strategy\Pattern_Behavior_Strategy.csproj", "{D3B5D502-A726-41F7-B5EE-C27A163AFE5D}"
EndProject
Project("{FAE04EC0-301F-11D3-BF4B-00C04F79EFBC}") = "Pattern_Behavior_TemplateMethod", "Pattern_Behavior_TemplateMethod\Pattern_Behavior_TemplateMethod.csproj", "{D644D84D-E3E8-4ED9-9C9F-6049291EF273}"
EndProject
Global
	GlobalSection(SolutionConfigurationPlatforms) = preSolution
		Debug|Any CPU = Debug|Any CPU
		Release|Any CPU = Release|Any CPU
	EndGlobalSection
	GlobalSection(ProjectConfigurationPlatforms) = postSolution
		{D378D0F9-D125-4792-B285-BDB2758603D1}.Debug|Any CPU.ActiveCfg = Debug|Any CPU
		{D378D0F9-D125-4792-B285-BDB2758603D1}.Debug|Any CPU.Build.0 = Debug|Any CPU
		{D378D0F9-D125-4792-B285-BDB2758603D1}.Release|Any CPU.ActiveCfg = Release|Any CPU
		{D378D0F9-D125-4792-B285-BDB2758603D1}.Release|Any CPU.Build.0 = Release|Any CPU
		{5232302C-21A2-4682-8A9A-BA3CFEF674F4}.Debug|Any CPU.ActiveCfg = Debug|Any CPU
		{5232302C-21A2-4682-8A9A-BA3CFEF674F4}.Debug|Any CPU.Build.0 = Debug|Any CPU
		{5232302C-21A2-4682-8A9A-BA3CFEF674F4}.Release|Any CPU.ActiveCfg = Release|Any CPU
		{5232302C-21A2-4682-8A9A-BA3CFEF674F4}.Release|Any CPU.Build.0 = Release|Any CPU
		{425E231A-E392-411E-B25E-A64AF23AF16C}.Debug|Any CPU.ActiveCfg = Debug|Any CPU
		{425E231A-E392-411E-B25E-A64AF23AF16C}.Debug|Any CPU.Build.0 = Debug|Any CPU
		{425E231A-E392-411E-B25E-A64AF23AF16C}.Release|Any CPU.ActiveCfg = Release|Any CPU
		{425E231A-E392-411E-B25E-A64AF23AF16C}.Release|Any CPU.Build.0 = Release|Any CPU
		{4FF515CB-CA28-43EB-9EDA-87FD6C447510}.Debug|Any CPU.ActiveCfg = Debug|Any CPU
		{4FF515CB-CA28-43EB-9EDA-87FD6C447510}.Debug|Any CPU.Build.0 = Debug|Any CPU
		{4FF515CB-CA28-43EB-9EDA-87FD6C447510}.Release|Any CPU.ActiveCfg = Release|Any CPU
		{4FF515CB-CA28-43EB-9EDA-87FD6C447510}.Release|Any CPU.Build.0 = Release|Any CPU
		{A4F6E178-E059-413C-A993-8D3CEDCA6F44}.Debug|Any CPU.ActiveCfg = Debug|Any CPU
		{A4F6E178-E059-413C-A993-8D3CEDCA6F44}.Debug|Any CPU.Build.0 = Debug|Any CPU
		{A4F6E178-E059-413C-A993-8D3CEDCA6F44}.Release|Any CPU.ActiveCfg = Release|Any CPU
		{A4F6E178-E059-413C-A993-8D3CEDCA6F44}.Release|Any CPU.Build.0 = Release|Any CPU
		{C744474B-5FCE-48A5-AAD1-EE8FB0C08CD5}.Debug|Any CPU.ActiveCfg = Debug|Any CPU
		{C744474B-5FCE-48A5-AAD1-EE8FB0C08CD5}.Debug|Any CPU.Build.0 = Debug|Any CPU
		{C744474B-5FCE-48A5-AAD1-EE8FB0C08CD5}.Release|Any CPU.ActiveCfg = Release|Any CPU
		{C744474B-5FCE-48A5-AAD1-EE8FB0C08CD5}.Release|Any CPU.Build.0 = Release|Any CPU
		{637B6C18-1ABD-42FE-9702-BAAD179AD465}.Debug|Any CPU.ActiveCfg = Debug|Any CPU
		{637B6C18-1ABD-42FE-9702-BAAD179AD465}.Debug|Any CPU.Build.0 = Debug|Any CPU
		{637B6C18-1ABD-42FE-9702-BAAD179AD465}.Release|Any CPU.ActiveCfg = Release|Any CPU
		{637B6C18-1ABD-42FE-9702-BAAD179AD465}.Release|Any CPU.Build.0 = Release|Any CPU
		{2365D0EA-1CA7-4C5B-8A5D-0BEEAB2E7819}.Debug|Any CPU.ActiveCfg = Debug|Any CPU
		{2365D0EA-1CA7-4C5B-8A5D-0BEEAB2E7819}.Debug|Any CPU.Build.0 = Debug|Any CPU
		{2365D0EA-1CA7-4C5B-8A5D-0BEEAB2E7819}.Release|Any CPU.ActiveCfg = Release|Any CPU
		{2365D0EA-1CA7-4C5B-8A5D-0BEEAB2E7819}.Release|Any CPU.Build.0 = Release|Any CPU
		{27627A43-4103-4DFC-B9D1-254313E2EBAD}.Debug|Any CPU.ActiveCfg = Debug|Any CPU
		{27627A43-4103-4DFC-B9D1-254313E2EBAD}.Debug|Any CPU.Build.0 = Debug|Any CPU
		{27627A43-4103-4DFC-B9D1-254313E2EBAD}.Release|Any CPU.ActiveCfg = Release|Any CPU
		{27627A43-4103-4DFC-B9D1-254313E2EBAD}.Release|Any CPU.Build.0 = Release|Any CPU
		{B8B78A87-1DBA-48A4-9D7A-E45FB8614B7A}.Debug|Any CPU.ActiveCfg = Debug|Any CPU
		{B8B78A87-1DBA-48A4-9D7A-E45FB8614B7A}.Debug|Any CPU.Build.0 = Debug|Any CPU
		{B8B78A87-1DBA-48A4-9D7A-E45FB8614B7A}.Release|Any CPU.ActiveCfg = Release|Any CPU
		{B8B78A87-1DBA-48A4-9D7A-E45FB8614B7A}.Release|Any CPU.Build.0 = Release|Any CPU
		{08C9CEE4-317A-4F6F-A340-DF3422D10B14}.Debug|Any CPU.ActiveCfg = Debug|Any CPU
		{08C9CEE4-317A-4F6F-A340-DF3422D10B14}.Debug|Any CPU.Build.0 = Debug|Any CPU
		{08C9CEE4-317A-4F6F-A340-DF3422D10B14}.Release|Any CPU.ActiveCfg = Release|Any CPU
		{08C9CEE4-317A-4F6F-A340-DF3422D10B14}.Release|Any CPU.Build.0 = Release|Any CPU
		{AE559EFB-1B6A-470A-B58C-8CF95A189431}.Debug|Any CPU.ActiveCfg = Debug|Any CPU
		{AE559EFB-1B6A-470A-B58C-8CF95A189431}.Debug|Any CPU.Build.0 = Debug|Any CPU
		{AE559EFB-1B6A-470A-B58C-8CF95A189431}.Release|Any CPU.ActiveCfg = Release|Any CPU
		{AE559EFB-1B6A-470A-B58C-8CF95A189431}.Release|Any CPU.Build.0 = Release|Any CPU
		{6FCE92FE-7E68-41F9-A9A1-E614E63F941A}.Debug|Any CPU.ActiveCfg = Debug|Any CPU
		{6FCE92FE-7E68-41F9-A9A1-E614E63F941A}.Debug|Any CPU.Build.0 = Debug|Any CPU
		{6FCE92FE-7E68-41F9-A9A1-E614E63F941A}.Release|Any CPU.ActiveCfg = Release|Any CPU
		{6FCE92FE-7E68-41F9-A9A1-E614E63F941A}.Release|Any CPU.Build.0 = Release|Any CPU
		{F73AE7A1-F266-49AE-8AF4-AB18117968FB}.Debug|Any CPU.ActiveCfg = Debug|Any CPU
		{F73AE7A1-F266-49AE-8AF4-AB18117968FB}.Debug|Any CPU.Build.0 = Debug|Any CPU
		{F73AE7A1-F266-49AE-8AF4-AB18117968FB}.Release|Any CPU.ActiveCfg = Release|Any CPU
		{F73AE7A1-F266-49AE-8AF4-AB18117968FB}.Release|Any CPU.Build.0 = Release|Any CPU
		{42D03A30-D581-48C4-BBF2-2CDD617B4A92}.Debug|Any CPU.ActiveCfg = Debug|Any CPU
		{42D03A30-D581-48C4-BBF2-2CDD617B4A92}.Debug|Any CPU.Build.0 = Debug|Any CPU
		{42D03A30-D581-48C4-BBF2-2CDD617B4A92}.Release|Any CPU.ActiveCfg = Release|Any CPU
		{42D03A30-D581-48C4-BBF2-2CDD617B4A92}.Release|Any CPU.Build.0 = Release|Any CPU
		{8F218757-E4F0-431D-A009-E5CEFD569E12}.Debug|Any CPU.ActiveCfg = Debug|Any CPU
		{8F218757-E4F0-431D-A009-E5CEFD569E12}.Debug|Any CPU.Build.0 = Debug|Any CPU
		{8F218757-E4F0-431D-A009-E5CEFD569E12}.Release|Any CPU.ActiveCfg = Release|Any CPU
		{8F218757-E4F0-431D-A009-E5CEFD569E12}.Release|Any CPU.Build.0 = Release|Any CPU
		{9D092273-A91B-44B8-8C28-E154E182556B}.Debug|Any CPU.ActiveCfg = Debug|Any CPU
		{9D092273-A91B-44B8-8C28-E154E182556B}.Debug|Any CPU.Build.0 = Debug|Any CPU
		{9D092273-A91B-44B8-8C28-E154E182556B}.Release|Any CPU.ActiveCfg = Release|Any CPU
		{9D092273-A91B-44B8-8C28-E154E182556B}.Release|Any CPU.Build.0 = Release|Any CPU
		{DC5FA518-9578-4130-8611-160AEEAA9599}.Debug|Any CPU.ActiveCfg = Debug|Any CPU
		{DC5FA518-9578-4130-8611-160AEEAA9599}.Debug|Any CPU.Build.0 = Debug|Any CPU
		{DC5FA518-9578-4130-8611-160AEEAA9599}.Release|Any CPU.ActiveCfg = Release|Any CPU
		{DC5FA518-9578-4130-8611-160AEEAA9599}.Release|Any CPU.Build.0 = Release|Any CPU
		{94B6D6E8-F178-4B88-A2E1-F84077DC9530}.Debug|Any CPU.ActiveCfg = Debug|Any CPU
		{94B6D6E8-F178-4B88-A2E1-F84077DC9530}.Debug|Any CPU.Build.0 = Debug|Any CPU
		{94B6D6E8-F178-4B88-A2E1-F84077DC9530}.Release|Any CPU.ActiveCfg = Release|Any CPU
		{94B6D6E8-F178-4B88-A2E1-F84077DC9530}.Release|Any CPU.Build.0 = Release|Any CPU
		{83C95376-2A94-4EDE-9754-1FA62E20205E}.Debug|Any CPU.ActiveCfg = Debug|Any CPU
		{83C95376-2A94-4EDE-9754-1FA62E20205E}.Debug|Any CPU.Build.0 = Debug|Any CPU
		{83C95376-2A94-4EDE-9754-1FA62E20205E}.Release|Any CPU.ActiveCfg = Release|Any CPU
		{83C95376-2A94-4EDE-9754-1FA62E20205E}.Release|Any CPU.Build.0 = Release|Any CPU
		{F53096BD-5687-4ABE-83DE-936B27A8335E}.Debug|Any CPU.ActiveCfg = Debug|Any CPU
		{F53096BD-5687-4ABE-83DE-936B27A8335E}.Debug|Any CPU.Build.0 = Debug|Any CPU
		{F53096BD-5687-4ABE-83DE-936B27A8335E}.Release|Any CPU.ActiveCfg = Release|Any CPU
		{F53096BD-5687-4ABE-83DE-936B27A8335E}.Release|Any CPU.Build.0 = Release|Any CPU
		{D3B5D502-A726-41F7-B5EE-C27A163AFE5D}.Debug|Any CPU.ActiveCfg = Debug|Any CPU
		{D3B5D502-A726-41F7-B5EE-C27A163AFE5D}.Debug|Any CPU.Build.0 = Debug|Any CPU
		{D3B5D502-A726-41F7-B5EE-C27A163AFE5D}.Release|Any CPU.ActiveCfg = Release|Any CPU
		{D3B5D502-A726-41F7-B5EE-C27A163AFE5D}.Release|Any CPU.Build.0 = Release|Any CPU
		{D644D84D-E3E8-4ED9-9C9F-6049291EF273}.Debug|Any CPU.ActiveCfg = Debug|Any CPU
		{D644D84D-E3E8-4ED9-9C9F-6049291EF273}.Debug|Any CPU.Build.0 = Debug|Any CPU
		{D644D84D-E3E8-4ED9-9C9F-6049291EF273}.Release|Any CPU.ActiveCfg = Release|Any CPU
		{D644D84D-E3E8-4ED9-9C9F-6049291EF273}.Release|Any CPU.Build.0 = Release|Any CPU
	EndGlobalSection
	GlobalSection(SolutionProperties) = preSolution
		HideSolutionNode = FALSE
	EndGlobalSection
	GlobalSection(NestedProjects) = preSolution
		{D378D0F9-D125-4792-B285-BDB2758603D1} = {42C4E78A-F477-4DBE-B8BA-6EDD075429EB}
		{6FCE92FE-7E68-41F9-A9A1-E614E63F941A} = {42C4E78A-F477-4DBE-B8BA-6EDD075429EB}
	EndGlobalSection
	GlobalSection(ExtensibilityGlobals) = postSolution
		SolutionGuid = {CF7B4752-A508-4AC2-AC45-061AADF67DBB}
	EndGlobalSection
EndGlobal
